
Microsoft Visual Studio Solution File, Format Version 12.00
# Visual Studio 15
Project("{FAE04EC0-301F-11D3-BF4B-00C04F79EFBC}") = "Assembly-CSharp", "Assembly-CSharp.csproj", "{0F706B52-367D-FF73-C109-054FC357317B}"
EndProject
Project("{FAE04EC0-301F-11D3-BF4B-00C04F79EFBC}") = "Assembly-CSharp-Editor", "Assembly-CSharp-Editor.csproj", "{4871E6D3-8B81-37C1-F995-D7BA493C840B}"
EndProject
Global
	GlobalSection(SolutionConfigurationPlatforms) = preSolution
		Debug|Any CPU = Debug|Any CPU
		Release|Any CPU = Release|Any CPU
	EndGlobalSection
	GlobalSection(ProjectConfigurationPlatforms) = postSolution
		{0F706B52-367D-FF73-C109-054FC357317B}.Debug|Any CPU.ActiveCfg = Debug|Any CPU
		{0F706B52-367D-FF73-C109-054FC357317B}.Debug|Any CPU.Build.0 = Debug|Any CPU
		{0F706B52-367D-FF73-C109-054FC357317B}.Release|Any CPU.ActiveCfg = Release|Any CPU
		{0F706B52-367D-FF73-C109-054FC357317B}.Release|Any CPU.Build.0 = Release|Any CPU
		{4871E6D3-8B81-37C1-F995-D7BA493C840B}.Debug|Any CPU.ActiveCfg = Debug|Any CPU
		{4871E6D3-8B81-37C1-F995-D7BA493C840B}.Debug|Any CPU.Build.0 = Debug|Any CPU
		{4871E6D3-8B81-37C1-F995-D7BA493C840B}.Release|Any CPU.ActiveCfg = Release|Any CPU
		{4871E6D3-8B81-37C1-F995-D7BA493C840B}.Release|Any CPU.Build.0 = Release|Any CPU
	EndGlobalSection
	GlobalSection(SolutionProperties) = preSolution
		HideSolutionNode = FALSE
	EndGlobalSection
EndGlobal
